// !$*UTF8*$!
{
	archiveVersion = 1;
	classes = {
	};
	objectVersion = 46;
	objects = {

/* Begin PBXBuildFile section */
		180EFD071C4CD4420016F2B8 /* main.m in Sources */ = {isa = PBXBuildFile; fileRef = 180EFD061C4CD4420016F2B8 /* main.m */; };
		180EFD0A1C4CD4420016F2B8 /* AppDelegate.m in Sources */ = {isa = PBXBuildFile; fileRef = 180EFD091C4CD4420016F2B8 /* AppDelegate.m */; };
		180EFD0D1C4CD4420016F2B8 /* ViewController.m in Sources */ = {isa = PBXBuildFile; fileRef = 180EFD0C1C4CD4420016F2B8 /* ViewController.m */; };
		180EFD101C4CD4420016F2B8 /* Main.storyboard in Resources */ = {isa = PBXBuildFile; fileRef = 180EFD0E1C4CD4420016F2B8 /* Main.storyboard */; };
		180EFD131C4CD4420016F2B8 /* TransparentNavgationBar.xcdatamodeld in Sources */ = {isa = PBXBuildFile; fileRef = 180EFD111C4CD4420016F2B8 /* TransparentNavgationBar.xcdatamodeld */; };
		180EFD151C4CD4420016F2B8 /* Assets.xcassets in Resources */ = {isa = PBXBuildFile; fileRef = 180EFD141C4CD4420016F2B8 /* Assets.xcassets */; };
		180EFD181C4CD4420016F2B8 /* LaunchScreen.storyboard in Resources */ = {isa = PBXBuildFile; fileRef = 180EFD161C4CD4420016F2B8 /* LaunchScreen.storyboard */; };
		180EFD231C4CD4420016F2B8 /* TransparentNavgationBarTests.m in Sources */ = {isa = PBXBuildFile; fileRef = 180EFD221C4CD4420016F2B8 /* TransparentNavgationBarTests.m */; };
		180EFD2E1C4CD4420016F2B8 /* TransparentNavgationBarUITests.m in Sources */ = {isa = PBXBuildFile; fileRef = 180EFD2D1C4CD4420016F2B8 /* TransparentNavgationBarUITests.m */; };
		180EFD3D1C4CD6E30016F2B8 /* ZhiHuViewController.m in Sources */ = {isa = PBXBuildFile; fileRef = 180EFD3C1C4CD6E30016F2B8 /* ZhiHuViewController.m */; };
		180EFD401C4CD70A0016F2B8 /* JPTableViewCell.m in Sources */ = {isa = PBXBuildFile; fileRef = 180EFD3F1C4CD70A0016F2B8 /* JPTableViewCell.m */; };
		180EFD441C4CD7D10016F2B8 /* JPRefreshTitleView.m in Sources */ = {isa = PBXBuildFile; fileRef = 180EFD431C4CD7D10016F2B8 /* JPRefreshTitleView.m */; };
		180EFD481C4CD98A0016F2B8 /* UINavigationBar+JPExtension.m in Sources */ = {isa = PBXBuildFile; fileRef = 180EFD471C4CD98A0016F2B8 /* UINavigationBar+JPExtension.m */; };
		183A482C1C4DC7EE00B895C8 /* TranslationNavigationBarVC.m in Sources */ = {isa = PBXBuildFile; fileRef = 183A482B1C4DC7EE00B895C8 /* TranslationNavigationBarVC.m */; };
/* End PBXBuildFile section */

/* Begin PBXContainerItemProxy section */
		180EFD1F1C4CD4420016F2B8 /* PBXContainerItemProxy */ = {
			isa = PBXContainerItemProxy;
			containerPortal = 180EFCFA1C4CD4420016F2B8 /* Project object */;
			proxyType = 1;
			remoteGlobalIDString = 180EFD011C4CD4420016F2B8;
			remoteInfo = TransparentNavgationBar;
		};
		180EFD2A1C4CD4420016F2B8 /* PBXContainerItemProxy */ = {
			isa = PBXContainerItemProxy;
			containerPortal = 180EFCFA1C4CD4420016F2B8 /* Project object */;
			proxyType = 1;
			remoteGlobalIDString = 180EFD011C4CD4420016F2B8;
			remoteInfo = TransparentNavgationBar;
		};
/* End PBXContainerItemProxy section */

/* Begin PBXFileReference section */
		180EFD021C4CD4420016F2B8 /* TransparentNavgationBar.app */ = {isa = PBXFileReference; explicitFileType = wrapper.application; includeInIndex = 0; path = TransparentNavgationBar.app; sourceTree = BUILT_PRODUCTS_DIR; };
		180EFD061C4CD4420016F2B8 /* main.m */ = {isa = PBXFileReference; lastKnownFileType = sourcecode.c.objc; path = main.m; sourceTree = "<group>"; };
		180EFD081C4CD4420016F2B8 /* AppDelegate.h */ = {isa = PBXFileReference; lastKnownFileType = sourcecode.c.h; path = AppDelegate.h; sourceTree = "<group>"; };
		180EFD091C4CD4420016F2B8 /* AppDelegate.m */ = {isa = PBXFileReference; lastKnownFileType = sourcecode.c.objc; path = AppDelegate.m; sourceTree = "<group>"; };
		180EFD0B1C4CD4420016F2B8 /* ViewController.h */ = {isa = PBXFileReference; lastKnownFileType = sourcecode.c.h; path = ViewController.h; sourceTree = "<group>"; };
		180EFD0C1C4CD4420016F2B8 /* ViewController.m */ = {isa = PBXFileReference; lastKnownFileType = sourcecode.c.objc; path = ViewController.m; sourceTree = "<group>"; };
		180EFD0F1C4CD4420016F2B8 /* Base */ = {isa = PBXFileReference; lastKnownFileType = file.storyboard; name = Base; path = Base.lproj/Main.storyboard; sourceTree = "<group>"; };
		180EFD121C4CD4420016F2B8 /* TransparentNavgationBar.xcdatamodel */ = {isa = PBXFileReference; lastKnownFileType = wrapper.xcdatamodel; path = TransparentNavgationBar.xcdatamodel; sourceTree = "<group>"; };
		180EFD141C4CD4420016F2B8 /* Assets.xcassets */ = {isa = PBXFileReference; lastKnownFileType = folder.assetcatalog; path = Assets.xcassets; sourceTree = "<group>"; };
		180EFD171C4CD4420016F2B8 /* Base */ = {isa = PBXFileReference; lastKnownFileType = file.storyboard; name = Base; path = Base.lproj/LaunchScreen.storyboard; sourceTree = "<group>"; };
		180EFD191C4CD4420016F2B8 /* Info.plist */ = {isa = PBXFileReference; lastKnownFileType = text.plist.xml; path = Info.plist; sourceTree = "<group>"; };
		180EFD1E1C4CD4420016F2B8 /* TransparentNavgationBarTests.xctest */ = {isa = PBXFileReference; explicitFileType = wrapper.cfbundle; includeInIndex = 0; path = TransparentNavgationBarTests.xctest; sourceTree = BUILT_PRODUCTS_DIR; };
		180EFD221C4CD4420016F2B8 /* TransparentNavgationBarTests.m */ = {isa = PBXFileReference; lastKnownFileType = sourcecode.c.objc; path = TransparentNavgationBarTests.m; sourceTree = "<group>"; };
		180EFD241C4CD4420016F2B8 /* Info.plist */ = {isa = PBXFileReference; lastKnownFileType = text.plist.xml; path = Info.plist; sourceTree = "<group>"; };
		180EFD291C4CD4420016F2B8 /* TransparentNavgationBarUITests.xctest */ = {isa = PBXFileReference; explicitFileType = wrapper.cfbundle; includeInIndex = 0; path = TransparentNavgationBarUITests.xctest; sourceTree = BUILT_PRODUCTS_DIR; };
		180EFD2D1C4CD4420016F2B8 /* TransparentNavgationBarUITests.m */ = {isa = PBXFileReference; lastKnownFileType = sourcecode.c.objc; path = TransparentNavgationBarUITests.m; sourceTree = "<group>"; };
		180EFD2F1C4CD4420016F2B8 /* Info.plist */ = {isa = PBXFileReference; lastKnownFileType = text.plist.xml; path = Info.plist; sourceTree = "<group>"; };
		180EFD3B1C4CD6E30016F2B8 /* ZhiHuViewController.h */ = {isa = PBXFileReference; fileEncoding = 4; lastKnownFileType = sourcecode.c.h; path = ZhiHuViewController.h; sourceTree = "<group>"; };
		180EFD3C1C4CD6E30016F2B8 /* ZhiHuViewController.m */ = {isa = PBXFileReference; fileEncoding = 4; lastKnownFileType = sourcecode.c.objc; path = ZhiHuViewController.m; sourceTree = "<group>"; };
		180EFD3E1C4CD70A0016F2B8 /* JPTableViewCell.h */ = {isa = PBXFileReference; fileEncoding = 4; lastKnownFileType = sourcecode.c.h; path = JPTableViewCell.h; sourceTree = "<group>"; };
		180EFD3F1C4CD70A0016F2B8 /* JPTableViewCell.m */ = {isa = PBXFileReference; fileEncoding = 4; lastKnownFileType = sourcecode.c.objc; path = JPTableViewCell.m; sourceTree = "<group>"; };
		180EFD421C4CD7D10016F2B8 /* JPRefreshTitleView.h */ = {isa = PBXFileReference; fileEncoding = 4; lastKnownFileType = sourcecode.c.h; path = JPRefreshTitleView.h; sourceTree = "<group>"; };
		180EFD431C4CD7D10016F2B8 /* JPRefreshTitleView.m */ = {isa = PBXFileReference; fileEncoding = 4; lastKnownFileType = sourcecode.c.objc; path = JPRefreshTitleView.m; sourceTree = "<group>"; };
		180EFD461C4CD98A0016F2B8 /* UINavigationBar+JPExtension.h */ = {isa = PBXFileReference; fileEncoding = 4; lastKnownFileType = sourcecode.c.h; path = "UINavigationBar+JPExtension.h"; sourceTree = "<group>"; };
		180EFD471C4CD98A0016F2B8 /* UINavigationBar+JPExtension.m */ = {isa = PBXFileReference; fileEncoding = 4; lastKnownFileType = sourcecode.c.objc; path = "UINavigationBar+JPExtension.m"; sourceTree = "<group>"; };
		183A482A1C4DC7EE00B895C8 /* TranslationNavigationBarVC.h */ = {isa = PBXFileReference; fileEncoding = 4; lastKnownFileType = sourcecode.c.h; path = TranslationNavigationBarVC.h; sourceTree = "<group>"; };
		183A482B1C4DC7EE00B895C8 /* TranslationNavigationBarVC.m */ = {isa = PBXFileReference; fileEncoding = 4; lastKnownFileType = sourcecode.c.objc; path = TranslationNavigationBarVC.m; sourceTree = "<group>"; };
/* End PBXFileReference section */

/* Begin PBXFrameworksBuildPhase section */
		180EFCFF1C4CD4420016F2B8 /* Frameworks */ = {
			isa = PBXFrameworksBuildPhase;
			buildActionMask = 2147483647;
			files = (
			);
			runOnlyForDeploymentPostprocessing = 0;
		};
		180EFD1B1C4CD4420016F2B8 /* Frameworks */ = {
			isa = PBXFrameworksBuildPhase;
			buildActionMask = 2147483647;
			files = (
			);
			runOnlyForDeploymentPostprocessing = 0;
		};
		180EFD261C4CD4420016F2B8 /* Frameworks */ = {
			isa = PBXFrameworksBuildPhase;
			buildActionMask = 2147483647;
			files = (
			);
			runOnlyForDeploymentPostprocessing = 0;
		};
/* End PBXFrameworksBuildPhase section */

/* Begin PBXGroup section */
		180EFCF91C4CD4420016F2B8 = {
			isa = PBXGroup;
			children = (
				180EFD041C4CD4420016F2B8 /* TransparentNavgationBar */,
				180EFD211C4CD4420016F2B8 /* TransparentNavgationBarTests */,
				180EFD2C1C4CD4420016F2B8 /* TransparentNavgationBarUITests */,
				180EFD031C4CD4420016F2B8 /* Products */,
			);
			sourceTree = "<group>";
		};
		180EFD031C4CD4420016F2B8 /* Products */ = {
			isa = PBXGroup;
			children = (
				180EFD021C4CD4420016F2B8 /* TransparentNavgationBar.app */,
				180EFD1E1C4CD4420016F2B8 /* TransparentNavgationBarTests.xctest */,
				180EFD291C4CD4420016F2B8 /* TransparentNavgationBarUITests.xctest */,
			);
			name = Products;
			sourceTree = "<group>";
		};
		180EFD041C4CD4420016F2B8 /* TransparentNavgationBar */ = {
			isa = PBXGroup;
			children = (
				180EFD081C4CD4420016F2B8 /* AppDelegate.h */,
				180EFD091C4CD4420016F2B8 /* AppDelegate.m */,
				180EFD0B1C4CD4420016F2B8 /* ViewController.h */,
				180EFD0C1C4CD4420016F2B8 /* ViewController.m */,
				180EFD3B1C4CD6E30016F2B8 /* ZhiHuViewController.h */,
				180EFD3C1C4CD6E30016F2B8 /* ZhiHuViewController.m */,
				183A482A1C4DC7EE00B895C8 /* TranslationNavigationBarVC.h */,
				183A482B1C4DC7EE00B895C8 /* TranslationNavigationBarVC.m */,
				180EFD3E1C4CD70A0016F2B8 /* JPTableViewCell.h */,
				180EFD3F1C4CD70A0016F2B8 /* JPTableViewCell.m */,
				180EFD451C4CD9630016F2B8 /* JPNavgationBarExtension */,
				180EFD411C4CD7D10016F2B8 /* JPRefreshTitleView */,
				180EFD0E1C4CD4420016F2B8 /* Main.storyboard */,
				180EFD141C4CD4420016F2B8 /* Assets.xcassets */,
				180EFD161C4CD4420016F2B8 /* LaunchScreen.storyboard */,
				180EFD191C4CD4420016F2B8 /* Info.plist */,
				180EFD111C4CD4420016F2B8 /* TransparentNavgationBar.xcdatamodeld */,
				180EFD051C4CD4420016F2B8 /* Supporting Files */,
			);
			path = TransparentNavgationBar;
			sourceTree = "<group>";
		};
		180EFD051C4CD4420016F2B8 /* Supporting Files */ = {
			isa = PBXGroup;
			children = (
				180EFD061C4CD4420016F2B8 /* main.m */,
			);
			name = "Supporting Files";
			sourceTree = "<group>";
		};
		180EFD211C4CD4420016F2B8 /* TransparentNavgationBarTests */ = {
			isa = PBXGroup;
			children = (
				180EFD221C4CD4420016F2B8 /* TransparentNavgationBarTests.m */,
				180EFD241C4CD4420016F2B8 /* Info.plist */,
			);
			path = TransparentNavgationBarTests;
			sourceTree = "<group>";
		};
		180EFD2C1C4CD4420016F2B8 /* TransparentNavgationBarUITests */ = {
			isa = PBXGroup;
			children = (
				180EFD2D1C4CD4420016F2B8 /* TransparentNavgationBarUITests.m */,
				180EFD2F1C4CD4420016F2B8 /* Info.plist */,
			);
			path = TransparentNavgationBarUITests;
			sourceTree = "<group>";
		};
		180EFD411C4CD7D10016F2B8 /* JPRefreshTitleView */ = {
			isa = PBXGroup;
			children = (
				180EFD421C4CD7D10016F2B8 /* JPRefreshTitleView.h */,
				180EFD431C4CD7D10016F2B8 /* JPRefreshTitleView.m */,
			);
			path = JPRefreshTitleView;
			sourceTree = "<group>";
		};
		180EFD451C4CD9630016F2B8 /* JPNavgationBarExtension */ = {
			isa = PBXGroup;
			children = (
				180EFD461C4CD98A0016F2B8 /* UINavigationBar+JPExtension.h */,
				180EFD471C4CD98A0016F2B8 /* UINavigationBar+JPExtension.m */,
			);
			path = JPNavgationBarExtension;
			sourceTree = "<group>";
		};
/* End PBXGroup section */

/* Begin PBXNativeTarget section */
		180EFD011C4CD4420016F2B8 /* TransparentNavgationBar */ = {
			isa = PBXNativeTarget;
			buildConfigurationList = 180EFD321C4CD4420016F2B8 /* Build configuration list for PBXNativeTarget "TransparentNavgationBar" */;
			buildPhases = (
				180EFCFE1C4CD4420016F2B8 /* Sources */,
				180EFCFF1C4CD4420016F2B8 /* Frameworks */,
				180EFD001C4CD4420016F2B8 /* Resources */,
			);
			buildRules = (
			);
			dependencies = (
			);
			name = TransparentNavgationBar;
			productName = TransparentNavgationBar;
			productReference = 180EFD021C4CD4420016F2B8 /* TransparentNavgationBar.app */;
			productType = "com.apple.product-type.application";
		};
		180EFD1D1C4CD4420016F2B8 /* TransparentNavgationBarTests */ = {
			isa = PBXNativeTarget;
			buildConfigurationList = 180EFD351C4CD4420016F2B8 /* Build configuration list for PBXNativeTarget "TransparentNavgationBarTests" */;
			buildPhases = (
				180EFD1A1C4CD4420016F2B8 /* Sources */,
				180EFD1B1C4CD4420016F2B8 /* Frameworks */,
				180EFD1C1C4CD4420016F2B8 /* Resources */,
			);
			buildRules = (
			);
			dependencies = (
				180EFD201C4CD4420016F2B8 /* PBXTargetDependency */,
			);
			name = TransparentNavgationBarTests;
			productName = TransparentNavgationBarTests;
			productReference = 180EFD1E1C4CD4420016F2B8 /* TransparentNavgationBarTests.xctest */;
			productType = "com.apple.product-type.bundle.unit-test";
		};
		180EFD281C4CD4420016F2B8 /* TransparentNavgationBarUITests */ = {
			isa = PBXNativeTarget;
			buildConfigurationList = 180EFD381C4CD4420016F2B8 /* Build configuration list for PBXNativeTarget "TransparentNavgationBarUITests" */;
			buildPhases = (
				180EFD251C4CD4420016F2B8 /* Sources */,
				180EFD261C4CD4420016F2B8 /* Frameworks */,
				180EFD271C4CD4420016F2B8 /* Resources */,
			);
			buildRules = (
			);
			dependencies = (
				180EFD2B1C4CD4420016F2B8 /* PBXTargetDependency */,
			);
			name = TransparentNavgationBarUITests;
			productName = TransparentNavgationBarUITests;
			productReference = 180EFD291C4CD4420016F2B8 /* TransparentNavgationBarUITests.xctest */;
			productType = "com.apple.product-type.bundle.ui-testing";
		};
/* End PBXNativeTarget section */

/* Begin PBXProject section */
		180EFCFA1C4CD4420016F2B8 /* Project object */ = {
			isa = PBXProject;
			attributes = {
				LastUpgradeCheck = 0720;
				ORGANIZATIONNAME = XiFengLang;
				TargetAttributes = {
					180EFD011C4CD4420016F2B8 = {
						CreatedOnToolsVersion = 7.2;
					};
					180EFD1D1C4CD4420016F2B8 = {
						CreatedOnToolsVersion = 7.2;
						TestTargetID = 180EFD011C4CD4420016F2B8;
					};
					180EFD281C4CD4420016F2B8 = {
						CreatedOnToolsVersion = 7.2;
						TestTargetID = 180EFD011C4CD4420016F2B8;
					};
				};
			};
			buildConfigurationList = 180EFCFD1C4CD4420016F2B8 /* Build configuration list for PBXProject "TransparentNavgationBar" */;
			compatibilityVersion = "Xcode 3.2";
			developmentRegion = English;
			hasScannedForEncodings = 0;
			knownRegions = (
				en,
				Base,
			);
			mainGroup = 180EFCF91C4CD4420016F2B8;
			productRefGroup = 180EFD031C4CD4420016F2B8 /* Products */;
			projectDirPath = "";
			projectRoot = "";
			targets = (
				180EFD011C4CD4420016F2B8 /* TransparentNavgationBar */,
				180EFD1D1C4CD4420016F2B8 /* TransparentNavgationBarTests */,
				180EFD281C4CD4420016F2B8 /* TransparentNavgationBarUITests */,
			);
		};
/* End PBXProject section */

/* Begin PBXResourcesBuildPhase section */
		180EFD001C4CD4420016F2B8 /* Resources */ = {
			isa = PBXResourcesBuildPhase;
			buildActionMask = 2147483647;
			files = (
				180EFD181C4CD4420016F2B8 /* LaunchScreen.storyboard in Resources */,
				180EFD151C4CD4420016F2B8 /* Assets.xcassets in Resources */,
				180EFD101C4CD4420016F2B8 /* Main.storyboard in Resources */,
			);
			runOnlyForDeploymentPostprocessing = 0;
		};
		180EFD1C1C4CD4420016F2B8 /* Resources */ = {
			isa = PBXResourcesBuildPhase;
			buildActionMask = 2147483647;
			files = (
			);
			runOnlyForDeploymentPostprocessing = 0;
		};
		180EFD271C4CD4420016F2B8 /* Resources */ = {
			isa = PBXResourcesBuildPhase;
			buildActionMask = 2147483647;
			files = (
			);
			runOnlyForDeploymentPostprocessing = 0;
		};
/* End PBXResourcesBuildPhase section */

/* Begin PBXSourcesBuildPhase section */
		180EFCFE1C4CD4420016F2B8 /* Sources */ = {
			isa = PBXSourcesBuildPhase;
			buildActionMask = 2147483647;
			files = (
				180EFD0D1C4CD4420016F2B8 /* ViewController.m in Sources */,
				180EFD401C4CD70A0016F2B8 /* JPTableViewCell.m in Sources */,
				180EFD0A1C4CD4420016F2B8 /* AppDelegate.m in Sources */,
				180EFD131C4CD4420016F2B8 /* TransparentNavgationBar.xcdatamodeld in Sources */,
				180EFD441C4CD7D10016F2B8 /* JPRefreshTitleView.m in Sources */,
				183A482C1C4DC7EE00B895C8 /* TranslationNavigationBarVC.m in Sources */,
				180EFD481C4CD98A0016F2B8 /* UINavigationBar+JPExtension.m in Sources */,
				180EFD071C4CD4420016F2B8 /* main.m in Sources */,
				180EFD3D1C4CD6E30016F2B8 /* ZhiHuViewController.m in Sources */,
			);
			runOnlyForDeploymentPostprocessing = 0;
		};
		180EFD1A1C4CD4420016F2B8 /* Sources */ = {
			isa = PBXSourcesBuildPhase;
			buildActionMask = 2147483647;
			files = (
				180EFD231C4CD4420016F2B8 /* TransparentNavgationBarTests.m in Sources */,
			);
			runOnlyForDeploymentPostprocessing = 0;
		};
		180EFD251C4CD4420016F2B8 /* Sources */ = {
			isa = PBXSourcesBuildPhase;
			buildActionMask = 2147483647;
			files = (
				180EFD2E1C4CD4420016F2B8 /* TransparentNavgationBarUITests.m in Sources */,
			);
			runOnlyForDeploymentPostprocessing = 0;
		};
/* End PBXSourcesBuildPhase section */

/* Begin PBXTargetDependency section */
		180EFD201C4CD4420016F2B8 /* PBXTargetDependency */ = {
			isa = PBXTargetDependency;
			target = 180EFD011C4CD4420016F2B8 /* TransparentNavgationBar */;
			targetProxy = 180EFD1F1C4CD4420016F2B8 /* PBXContainerItemProxy */;
		};
		180EFD2B1C4CD4420016F2B8 /* PBXTargetDependency */ = {
			isa = PBXTargetDependency;
			target = 180EFD011C4CD4420016F2B8 /* TransparentNavgationBar */;
			targetProxy = 180EFD2A1C4CD4420016F2B8 /* PBXContainerItemProxy */;
		};
/* End PBXTargetDependency section */

/* Begin PBXVariantGroup section */
		180EFD0E1C4CD4420016F2B8 /* Main.storyboard */ = {
			isa = PBXVariantGroup;
			children = (
				180EFD0F1C4CD4420016F2B8 /* Base */,
			);
			name = Main.storyboard;
			sourceTree = "<group>";
		};
		180EFD161C4CD4420016F2B8 /* LaunchScreen.storyboard */ = {
			isa = PBXVariantGroup;
			children = (
				180EFD171C4CD4420016F2B8 /* Base */,
			);
			name = LaunchScreen.storyboard;
			sourceTree = "<group>";
		};
/* End PBXVariantGroup section */

/* Begin XCBuildConfiguration section */
		180EFD301C4CD4420016F2B8 /* Debug */ = {
			isa = XCBuildConfiguration;
			buildSettings = {
				ALWAYS_SEARCH_USER_PATHS = NO;
				CLANG_CXX_LANGUAGE_STANDARD = "gnu++0x";
				CLANG_CXX_LIBRARY = "libc++";
				CLANG_ENABLE_MODULES = YES;
				CLANG_ENABLE_OBJC_ARC = YES;
				CLANG_WARN_BOOL_CONVERSION = YES;
				CLANG_WARN_CONSTANT_CONVERSION = YES;
				CLANG_WARN_DIRECT_OBJC_ISA_USAGE = YES_ERROR;
				CLANG_WARN_EMPTY_BODY = YES;
				CLANG_WARN_ENUM_CONVERSION = YES;
				CLANG_WARN_INT_CONVERSION = YES;
				CLANG_WARN_OBJC_ROOT_CLASS = YES_ERROR;
				CLANG_WARN_UNREACHABLE_CODE = YES;
				CLANG_WARN__DUPLICATE_METHOD_MATCH = YES;
				"CODE_SIGN_IDENTITY[sdk=iphoneos*]" = "iPhone Developer";
				COPY_PHASE_STRIP = NO;
				DEBUG_INFORMATION_FORMAT = dwarf;
				ENABLE_STRICT_OBJC_MSGSEND = YES;
				ENABLE_TESTABILITY = YES;
				GCC_C_LANGUAGE_STANDARD = gnu99;
				GCC_DYNAMIC_NO_PIC = NO;
				GCC_NO_COMMON_BLOCKS = YES;
				GCC_OPTIMIZATION_LEVEL = 0;
				GCC_PREPROCESSOR_DEFINITIONS = (
					"DEBUG=1",
					"$(inherited)",
				);
				GCC_WARN_64_TO_32_BIT_CONVERSION = YES;
				GCC_WARN_ABOUT_RETURN_TYPE = YES_ERROR;
				GCC_WARN_UNDECLARED_SELECTOR = YES;
				GCC_WARN_UNINITIALIZED_AUTOS = YES_AGGRESSIVE;
				GCC_WARN_UNUSED_FUNCTION = YES;
				GCC_WARN_UNUSED_VARIABLE = YES;
				IPHONEOS_DEPLOYMENT_TARGET = 9.2;
				MTL_ENABLE_DEBUG_INFO = YES;
				ONLY_ACTIVE_ARCH = YES;
				SDKROOT = iphoneos;
			};
			name = Debug;
		};
		180EFD311C4CD4420016F2B8 /* Release */ = {
			isa = XCBuildConfiguration;
			buildSettings = {
				ALWAYS_SEARCH_USER_PATHS = NO;
				CLANG_CXX_LANGUAGE_STANDARD = "gnu++0x";
				CLANG_CXX_LIBRARY = "libc++";
				CLANG_ENABLE_MODULES = YES;
				CLANG_ENABLE_OBJC_ARC = YES;
				CLANG_WARN_BOOL_CONVERSION = YES;
				CLANG_WARN_CONSTANT_CONVERSION = YES;
				CLANG_WARN_DIRECT_OBJC_ISA_USAGE = YES_ERROR;
				CLANG_WARN_EMPTY_BODY = YES;
				CLANG_WARN_ENUM_CONVERSION = YES;
				CLANG_WARN_INT_CONVERSION = YES;
				CLANG_WARN_OBJC_ROOT_CLASS = YES_ERROR;
				CLANG_WARN_UNREACHABLE_CODE = YES;
				CLANG_WARN__DUPLICATE_METHOD_MATCH = YES;
				"CODE_SIGN_IDENTITY[sdk=iphoneos*]" = "iPhone Developer";
				COPY_PHASE_STRIP = NO;
				DEBUG_INFORMATION_FORMAT = "dwarf-with-dsym";
				ENABLE_NS_ASSERTIONS = NO;
				ENABLE_STRICT_OBJC_MSGSEND = YES;
				GCC_C_LANGUAGE_STANDARD = gnu99;
				GCC_NO_COMMON_BLOCKS = YES;
				GCC_WARN_64_TO_32_BIT_CONVERSION = YES;
				GCC_WARN_ABOUT_RETURN_TYPE = YES_ERROR;
				GCC_WARN_UNDECLARED_SELECTOR = YES;
				GCC_WARN_UNINITIALIZED_AUTOS = YES_AGGRESSIVE;
				GCC_WARN_UNUSED_FUNCTION = YES;
				GCC_WARN_UNUSED_VARIABLE = YES;
				IPHONEOS_DEPLOYMENT_TARGET = 9.2;
				MTL_ENABLE_DEBUG_INFO = NO;
				SDKROOT = iphoneos;
				VALIDATE_PRODUCT = YES;
			};
			name = Release;
		};
		180EFD331C4CD4420016F2B8 /* Debug */ = {
			isa = XCBuildConfiguration;
			buildSettings = {
				ASSETCATALOG_COMPILER_APPICON_NAME = AppIcon;
				INFOPLIST_FILE = TransparentNavgationBar/Info.plist;
				LD_RUNPATH_SEARCH_PATHS = "$(inherited) @executable_path/Frameworks";
				PRODUCT_BUNDLE_IDENTIFIER = com.XiFengLang.TransparentNavgationBar;
				PRODUCT_NAME = "$(TARGET_NAME)";
			};
			name = Debug;
		};
		180EFD341C4CD4420016F2B8 /* Release */ = {
			isa = XCBuildConfiguration;
			buildSettings = {
				ASSETCATALOG_COMPILER_APPICON_NAME = AppIcon;
				INFOPLIST_FILE = TransparentNavgationBar/Info.plist;
				LD_RUNPATH_SEARCH_PATHS = "$(inherited) @executable_path/Frameworks";
				PRODUCT_BUNDLE_IDENTIFIER = com.XiFengLang.TransparentNavgationBar;
				PRODUCT_NAME = "$(TARGET_NAME)";
			};
			name = Release;
		};
		180EFD361C4CD4420016F2B8 /* Debug */ = {
			isa = XCBuildConfiguration;
			buildSettings = {
				BUNDLE_LOADER = "$(TEST_HOST)";
				INFOPLIST_FILE = TransparentNavgationBarTests/Info.plist;
				LD_RUNPATH_SEARCH_PATHS = "$(inherited) @executable_path/Frameworks @loader_path/Frameworks";
				PRODUCT_BUNDLE_IDENTIFIER = com.XiFengLang.TransparentNavgationBarTests;
				PRODUCT_NAME = "$(TARGET_NAME)";
				TEST_HOST = "$(BUILT_PRODUCTS_DIR)/TransparentNavgationBar.app/TransparentNavgationBar";
			};
			name = Debug;
		};
		180EFD371C4CD4420016F2B8 /* Release */ = {
			isa = XCBuildConfiguration;
			buildSettings = {
				BUNDLE_LOADER = "$(TEST_HOST)";
				INFOPLIST_FILE = TransparentNavgationBarTests/Info.plist;
				LD_RUNPATH_SEARCH_PATHS = "$(inherited) @executable_path/Frameworks @loader_path/Frameworks";
				PRODUCT_BUNDLE_IDENTIFIER = com.XiFengLang.TransparentNavgationBarTests;
				PRODUCT_NAME = "$(TARGET_NAME)";
				TEST_HOST = "$(BUILT_PRODUCTS_DIR)/TransparentNavgationBar.app/TransparentNavgationBar";
			};
			name = Release;
		};
		180EFD391C4CD4420016F2B8 /* Debug */ = {
			isa = XCBuildConfiguration;
			buildSettings = {
				INFOPLIST_FILE = TransparentNavgationBarUITests/Info.plist;
				LD_RUNPATH_SEARCH_PATHS = "$(inherited) @executable_path/Frameworks @loader_path/Frameworks";
				PRODUCT_BUNDLE_IDENTIFIER = com.XiFengLang.TransparentNavgationBarUITests;
				PRODUCT_NAME = "$(TARGET_NAME)";
				TEST_TARGET_NAME = TransparentNavgationBar;
				USES_XCTRUNNER = YES;
			};
			name = Debug;
		};
		180EFD3A1C4CD4420016F2B8 /* Release */ = {
			isa = XCBuildConfiguration;
			buildSettings = {
				INFOPLIST_FILE = TransparentNavgationBarUITests/Info.plist;
				LD_RUNPATH_SEARCH_PATHS = "$(inherited) @executable_path/Frameworks @loader_path/Frameworks";
				PRODUCT_BUNDLE_IDENTIFIER = com.XiFengLang.TransparentNavgationBarUITests;
				PRODUCT_NAME = "$(TARGET_NAME)";
				TEST_TARGET_NAME = TransparentNavgationBar;
				USES_XCTRUNNER = YES;
			};
			name = Release;
		};
/* End XCBuildConfiguration section */

/* Begin XCConfigurationList section */
		180EFCFD1C4CD4420016F2B8 /* Build configuration list for PBXProject "TransparentNavgationBar" */ = {
			isa = XCConfigurationList;
			buildConfigurations = (
				180EFD301C4CD4420016F2B8 /* Debug */,
				180EFD311C4CD4420016F2B8 /* Release */,
			);
			defaultConfigurationIsVisible = 0;
			defaultConfigurationName = Release;
		};
		180EFD321C4CD4420016F2B8 /* Build configuration list for PBXNativeTarget "TransparentNavgationBar" */ = {
			isa = XCConfigurationList;
			buildConfigurations = (
				180EFD331C4CD4420016F2B8 /* Debug */,
				180EFD341C4CD4420016F2B8 /* Release */,
			);
			defaultConfigurationIsVisible = 0;
			defaultConfigurationName = Release;
		};
		180EFD351C4CD4420016F2B8 /* Build configuration list for PBXNativeTarget "TransparentNavgationBarTests" */ = {
			isa = XCConfigurationList;
			buildConfigurations = (
				180EFD361C4CD4420016F2B8 /* Debug */,
				180EFD371C4CD4420016F2B8 /* Release */,
			);
			defaultConfigurationIsVisible = 0;
			defaultConfigurationName = Release;
		};
		180EFD381C4CD4420016F2B8 /* Build configuration list for PBXNativeTarget "TransparentNavgationBarUITests" */ = {
			isa = XCConfigurationList;
			buildConfigurations = (
				180EFD391C4CD4420016F2B8 /* Debug */,
				180EFD3A1C4CD4420016F2B8 /* Release */,
			);
			defaultConfigurationIsVisible = 0;
			defaultConfigurationName = Release;
		};
/* End XCConfigurationList section */

/* Begin XCVersionGroup section */
		180EFD111C4CD4420016F2B8 /* TransparentNavgationBar.xcdatamodeld */ = {
			isa = XCVersionGroup;
			children = (
				180EFD121C4CD4420016F2B8 /* TransparentNavgationBar.xcdatamodel */,
			);
			currentVersion = 180EFD121C4CD4420016F2B8 /* TransparentNavgationBar.xcdatamodel */;
			path = TransparentNavgationBar.xcdatamodeld;
			sourceTree = "<group>";
			versionGroupType = wrapper.xcdatamodel;
		};
/* End XCVersionGroup section */
	};
	rootObject = 180EFCFA1C4CD4420016F2B8 /* Project object */;
}
